// !$*UTF8*$!
{
	archiveVersion = 1;
	classes = {
	};
	objectVersion = 46;
	objects = {

/* Begin PBXBuildFile section */
		CE7143C919D746640064966F /* UIKit.framework in Frameworks */ = {isa = PBXBuildFile; fileRef = CE7143C819D746640064966F /* UIKit.framework */; };
		CE7143CB19D746640064966F /* Foundation.framework in Frameworks */ = {isa = PBXBuildFile; fileRef = CE7143CA19D746640064966F /* Foundation.framework */; };
		CE7143CD19D746640064966F /* CoreGraphics.framework in Frameworks */ = {isa = PBXBuildFile; fileRef = CE7143CC19D746640064966F /* CoreGraphics.framework */; };
		CE7143D319D746640064966F /* InfoPlist.strings in Resources */ = {isa = PBXBuildFile; fileRef = CE7143D119D746640064966F /* InfoPlist.strings */; };
		CE7143D519D746640064966F /* main.m in Sources */ = {isa = PBXBuildFile; fileRef = CE7143D419D746640064966F /* main.m */; };
		CE7143D919D746640064966F /* AppDelegate.m in Sources */ = {isa = PBXBuildFile; fileRef = CE7143D819D746640064966F /* AppDelegate.m */; };
		CE7143DC19D746640064966F /* MainStoryboard.storyboard in Resources */ = {isa = PBXBuildFile; fileRef = CE7143DA19D746640064966F /* MainStoryboard.storyboard */; };
		CE7143DF19D746640064966F /* ViewController.m in Sources */ = {isa = PBXBuildFile; fileRef = CE7143DE19D746640064966F /* ViewController.m */; };
/* End PBXBuildFile section */

/* Begin PBXFileReference section */
		CE7143C419D746640064966F /* NewGmae.app */ = {isa = PBXFileReference; explicitFileType = wrapper.application; includeInIndex = 0; path = NewGmae.app; sourceTree = BUILT_PRODUCTS_DIR; };
		CE7143C819D746640064966F /* UIKit.framework */ = {isa = PBXFileReference; lastKnownFileType = wrapper.framework; name = UIKit.framework; path = System/Library/Frameworks/UIKit.framework; sourceTree = SDKROOT; };
		CE7143CA19D746640064966F /* Foundation.framework */ = {isa = PBXFileReference; lastKnownFileType = wrapper.framework; name = Foundation.framework; path = System/Library/Frameworks/Foundation.framework; sourceTree = SDKROOT; };
		CE7143CC19D746640064966F /* CoreGraphics.framework */ = {isa = PBXFileReference; lastKnownFileType = wrapper.framework; name = CoreGraphics.framework; path = System/Library/Frameworks/CoreGraphics.framework; sourceTree = SDKROOT; };
		CE7143D019D746640064966F /* NewGmae-Info.plist */ = {isa = PBXFileReference; path = "NewGmae-Info.plist"; sourceTree = "<group>"; };
		CE7143D219D746640064966F /* en */ = {isa = PBXFileReference; lastKnownFileType = text.plist.strings; name = en; path = en.lproj/InfoPlist.strings; sourceTree = "<group>"; };
		CE7143D419D746640064966F /* main.m */ = {isa = PBXFileReference; lastKnownFileType = sourcecode.c.objc; path = main.m; sourceTree = "<group>"; };
		CE7143D619D746640064966F /* NewGmae-Prefix.pch */ = {isa = PBXFileReference; path = "NewGmae-Prefix.pch"; sourceTree = "<group>"; };
		CE7143D719D746640064966F /* AppDelegate.h */ = {isa = PBXFileReference; path = AppDelegate.h; sourceTree = "<group>"; };
		CE7143D819D746640064966F /* AppDelegate.m */ = {isa = PBXFileReference; lastKnownFileType = sourcecode.c.objc; path = AppDelegate.m; sourceTree = "<group>"; };
		CE7143DB19D746640064966F /* en */ = {isa = PBXFileReference; lastKnownFileType = file.storyboard; name = en; path = en.lproj/MainStoryboard.storyboard; sourceTree = "<group>"; };
		CE7143DD19D746640064966F /* ViewController.h */ = {isa = PBXFileReference; path = ViewController.h; sourceTree = "<group>"; };
		CE7143DE19D746640064966F /* ViewController.m */ = {isa = PBXFileReference; lastKnownFileType = sourcecode.c.objc; path = ViewController.m; sourceTree = "<group>"; };
/* End PBXFileReference section */

/* Begin PBXFrameworksBuildPhase section */
		CE7143C119D746640064966F /* Frameworks */ = {
			isa = PBXFrameworksBuildPhase;
			buildActionMask = 2147483647;
			files = (
				CE7143C919D746640064966F /* UIKit.framework in Frameworks */,
				CE7143CB19D746640064966F /* Foundation.framework in Frameworks */,
				CE7143CD19D746640064966F /* CoreGraphics.framework in Frameworks */,
			);
			runOnlyForDeploymentPostprocessing = 0;
		};
/* End PBXFrameworksBuildPhase section */

/* Begin PBXGroup section */
		CE7143B919D746630064966F = {
			isa = PBXGroup;
			children = (
				CE7143CE19D746640064966F /* NewGmae */,
				CE7143C719D746640064966F /* Frameworks */,
				CE7143C519D746640064966F /* Products */,
			);
			sourceTree = "<group>";
		};
		CE7143C519D746640064966F /* Products */ = {
			isa = PBXGroup;
			children = (
				CE7143C419D746640064966F /* NewGmae.app */,
			);
			name = Products;
			sourceTree = "<group>";
		};
		CE7143C719D746640064966F /* Frameworks */ = {
			isa = PBXGroup;
			children = (
				CE7143C819D746640064966F /* UIKit.framework */,
				CE7143CA19D746640064966F /* Foundation.framework */,
				CE7143CC19D746640064966F /* CoreGraphics.framework */,
			);
			name = Frameworks;
			sourceTree = "<group>";
		};
		CE7143CE19D746640064966F /* NewGmae */ = {
			isa = PBXGroup;
			children = (
				CE7143D719D746640064966F /* AppDelegate.h */,
				CE7143D819D746640064966F /* AppDelegate.m */,
				CE7143DA19D746640064966F /* MainStoryboard.storyboard */,
				CE7143DD19D746640064966F /* ViewController.h */,
				CE7143DE19D746640064966F /* ViewController.m */,
				CE7143CF19D746640064966F /* Supporting Files */,
			);
			path = NewGmae;
			sourceTree = "<group>";
		};
		CE7143CF19D746640064966F /* Supporting Files */ = {
			isa = PBXGroup;
			children = (
				CE7143D019D746640064966F /* NewGmae-Info.plist */,
				CE7143D119D746640064966F /* InfoPlist.strings */,
				CE7143D419D746640064966F /* main.m */,
				CE7143D619D746640064966F /* NewGmae-Prefix.pch */,
			);
			name = "Supporting Files";
			sourceTree = "<group>";
		};
/* End PBXGroup section */

/* Begin PBXNativeTarget section */
		CE7143C319D746640064966F /* NewGmae */ = {
			isa = PBXNativeTarget;
			buildConfigurationList = CE7143E219D746640064966F /* Build configuration list for PBXNativeTarget "NewGmae" */;
			buildPhases = (
				CE7143C019D746640064966F /* Sources */,
				CE7143C119D746640064966F /* Frameworks */,
				CE7143C219D746640064966F /* Resources */,
			);
			buildRules = (
			);
			dependencies = (
			);
			name = NewGmae;
			productName = NewGmae;
			productReference = CE7143C419D746640064966F /* NewGmae.app */;
			productType = "com.apple.product-type.application";
		};
/* End PBXNativeTarget section */

/* Begin PBXProject section */
		CE7143BB19D746630064966F /* Project object */ = {
			isa = PBXProject;
			attributes = {
				LastUpgradeCheck = 0430;
			};
			buildConfigurationList = CE7143BE19D746630064966F /* Build configuration list for PBXProject "NewGmae" */;
			compatibilityVersion = "Xcode 3.2";
			developmentRegion = English;
			hasScannedForEncodings = 0;
			knownRegions = (
				en,
			);
			mainGroup = CE7143B919D746630064966F;
			productRefGroup = CE7143C519D746640064966F /* Products */;
			projectDirPath = "";
			projectRoot = "";
			targets = (
				CE7143C319D746640064966F /* NewGmae */,
			);
		};
/* End PBXProject section */

/* Begin PBXResourcesBuildPhase section */
		CE7143C219D746640064966F /* Resources */ = {
			isa = PBXResourcesBuildPhase;
			buildActionMask = 2147483647;
			files = (
				CE7143D319D746640064966F /* InfoPlist.strings in Resources */,
				CE7143DC19D746640064966F /* MainStoryboard.storyboard in Resources */,
			);
			runOnlyForDeploymentPostprocessing = 0;
		};
/* End PBXResourcesBuildPhase section */

/* Begin PBXSourcesBuildPhase section */
		CE7143C019D746640064966F /* Sources */ = {
			isa = PBXSourcesBuildPhase;
			buildActionMask = 2147483647;
			files = (
				CE7143D519D746640064966F /* main.m in Sources */,
				CE7143D919D746640064966F /* AppDelegate.m in Sources */,
				CE7143DF19D746640064966F /* ViewController.m in Sources */,
			);
			runOnlyForDeploymentPostprocessing = 0;
		};
/* End PBXSourcesBuildPhase section */

/* Begin PBXVariantGroup section */
		CE7143D119D746640064966F /* InfoPlist.strings */ = {
			isa = PBXVariantGroup;
			children = (
				CE7143D219D746640064966F /* en */,
			);
			name = InfoPlist.strings;
			sourceTree = "<group>";
		};
		CE7143DA19D746640064966F /* MainStoryboard.storyboard */ = {
			isa = PBXVariantGroup;
			children = (
				CE7143DB19D746640064966F /* en */,
			);
			name = MainStoryboard.storyboard;
			sourceTree = "<group>";
		};
/* End PBXVariantGroup section */

/* Begin XCBuildConfiguration section */
		CE7143E019D746640064966F /* Debug */ = {
			isa = XCBuildConfiguration;
			buildSettings = {
				ALWAYS_SEARCH_USER_PATHS = NO;
				ARCHS = "$(ARCHS_STANDARD_32_BIT)";
				CLANG_ENABLE_OBJC_ARC = YES;
				"CODE_SIGN_IDENTITY[sdk=iphoneos*]" = "iPhone Developer";
				COPY_PHASE_STRIP = NO;
				GCC_C_LANGUAGE_STANDARD = gnu99;
				GCC_DYNAMIC_NO_PIC = NO;
				GCC_OPTIMIZATION_LEVEL = 0;
				GCC_PREPROCESSOR_DEFINITIONS = (
					"DEBUG=1",
					"$(inherited)",
				);
				GCC_SYMBOLS_PRIVATE_EXTERN = NO;
				GCC_VERSION = com.apple.compilers.llvm.clang.1_0;
				GCC_WARN_ABOUT_RETURN_TYPE = YES;
				GCC_WARN_UNINITIALIZED_AUTOS = YES;
				GCC_WARN_UNUSED_VARIABLE = YES;
				IPHONEOS_DEPLOYMENT_TARGET = 5.0;
				SDKROOT = iphoneos;
			};
			name = Debug;
		};
		CE7143E119D746640064966F /* Release */ = {
			isa = XCBuildConfiguration;
			buildSettings = {
				ALWAYS_SEARCH_USER_PATHS = NO;
				ARCHS = "$(ARCHS_STANDARD_32_BIT)";
				CLANG_ENABLE_OBJC_ARC = YES;
				"CODE_SIGN_IDENTITY[sdk=iphoneos*]" = "iPhone Developer";
				COPY_PHASE_STRIP = YES;
				GCC_C_LANGUAGE_STANDARD = gnu99;
				GCC_VERSION = com.apple.compilers.llvm.clang.1_0;
				GCC_WARN_ABOUT_RETURN_TYPE = YES;
				GCC_WARN_UNINITIALIZED_AUTOS = YES;
				GCC_WARN_UNUSED_VARIABLE = YES;
				IPHONEOS_DEPLOYMENT_TARGET = 5.0;
				OTHER_CFLAGS = "-DNS_BLOCK_ASSERTIONS=1";
				SDKROOT = iphoneos;
				VALIDATE_PRODUCT = YES;
			};
			name = Release;
		};
		CE7143E319D746640064966F /* Debug */ = {
			isa = XCBuildConfiguration;
			buildSettings = {
				GCC_PRECOMPILE_PREFIX_HEADER = YES;
				GCC_PREFIX_HEADER = "NewGmae/NewGmae-Prefix.pch";
				INFOPLIST_FILE = "NewGmae/NewGmae-Info.plist";
				PRODUCT_NAME = "$(TARGET_NAME)";
				WRAPPER_EXTENSION = app;
			};
			name = Debug;
		};
		CE7143E419D746640064966F /* Release */ = {
			isa = XCBuildConfiguration;
			buildSettings = {
				GCC_PRECOMPILE_PREFIX_HEADER = YES;
				GCC_PREFIX_HEADER = "NewGmae/NewGmae-Prefix.pch";
				INFOPLIST_FILE = "NewGmae/NewGmae-Info.plist";
				PRODUCT_NAME = "$(TARGET_NAME)";
				WRAPPER_EXTENSION = app;
			};
			name = Release;
		};
/* End XCBuildConfiguration section */

/* Begin XCConfigurationList section */
		CE7143BE19D746630064966F /* Build configuration list for PBXProject "NewGmae" */ = {
			isa = XCConfigurationList;
			buildConfigurations = (
				CE7143E019D746640064966F /* Debug */,
				CE7143E119D746640064966F /* Release */,
			);
			defaultConfigurationIsVisible = 0;
			defaultConfigurationName = Release;
		};
		CE7143E219D746640064966F /* Build configuration list for PBXNativeTarget "NewGmae" */ = {
			isa = XCConfigurationList;
			buildConfigurations = (
				CE7143E319D746640064966F /* Debug */,
				CE7143E419D746640064966F /* Release */,
			);
			defaultConfigurationIsVisible = 0;
		};
/* End XCConfigurationList section */
	};
	rootObject = CE7143BB19D746630064966F /* Project object */;
}
